// !$*UTF8*$!
{
	archiveVersion = 1;
	classes = {
	};
	objectVersion = 50;
	objects = {

/* Begin PBXBuildFile section */
		43E82492247CFD67001C5CCD /* AppDelegate.swift in Sources */ = {isa = PBXBuildFile; fileRef = 43E82491247CFD67001C5CCD /* AppDelegate.swift */; };
		43E82494247CFD67001C5CCD /* SceneDelegate.swift in Sources */ = {isa = PBXBuildFile; fileRef = 43E82493247CFD67001C5CCD /* SceneDelegate.swift */; };
		43E82496247CFD67001C5CCD /* ContentView.swift in Sources */ = {isa = PBXBuildFile; fileRef = 43E82495247CFD67001C5CCD /* ContentView.swift */; };
		43E82498247CFD69001C5CCD /* Assets.xcassets in Resources */ = {isa = PBXBuildFile; fileRef = 43E82497247CFD69001C5CCD /* Assets.xcassets */; };
		43E8249B247CFD69001C5CCD /* Preview Assets.xcassets in Resources */ = {isa = PBXBuildFile; fileRef = 43E8249A247CFD69001C5CCD /* Preview Assets.xcassets */; };
		43E8249E247CFD69001C5CCD /* LaunchScreen.storyboard in Resources */ = {isa = PBXBuildFile; fileRef = 43E8249C247CFD69001C5CCD /* LaunchScreen.storyboard */; };
		43E824A7247D0A96001C5CCD /* Lobster-Regular.ttf in Resources */ = {isa = PBXBuildFile; fileRef = 43E824A6247D0A96001C5CCD /* Lobster-Regular.ttf */; };
		43E824AF247D1CFA001C5CCD /* InfoView.swift in Sources */ = {isa = PBXBuildFile; fileRef = 43E824AE247D1CFA001C5CCD /* InfoView.swift */; };
/* End PBXBuildFile section */

/* Begin PBXFileReference section */
		43E8248E247CFD67001C5CCD /* Cryton Card.app */ = {isa = PBXFileReference; explicitFileType = wrapper.application; includeInIndex = 0; path = "Cryton Card.app"; sourceTree = BUILT_PRODUCTS_DIR; };
		43E82491247CFD67001C5CCD /* AppDelegate.swift */ = {isa = PBXFileReference; lastKnownFileType = sourcecode.swift; path = AppDelegate.swift; sourceTree = "<group>"; };
		43E82493247CFD67001C5CCD /* SceneDelegate.swift */ = {isa = PBXFileReference; lastKnownFileType = sourcecode.swift; path = SceneDelegate.swift; sourceTree = "<group>"; };
		43E82495247CFD67001C5CCD /* ContentView.swift */ = {isa = PBXFileReference; lastKnownFileType = sourcecode.swift; path = ContentView.swift; sourceTree = "<group>"; };
		43E82497247CFD69001C5CCD /* Assets.xcassets */ = {isa = PBXFileReference; lastKnownFileType = folder.assetcatalog; path = Assets.xcassets; sourceTree = "<group>"; };
		43E8249A247CFD69001C5CCD /* Preview Assets.xcassets */ = {isa = PBXFileReference; lastKnownFileType = folder.assetcatalog; path = "Preview Assets.xcassets"; sourceTree = "<group>"; };
		43E8249D247CFD69001C5CCD /* Base */ = {isa = PBXFileReference; lastKnownFileType = file.storyboard; name = Base; path = Base.lproj/LaunchScreen.storyboard; sourceTree = "<group>"; };
		43E8249F247CFD69001C5CCD /* Info.plist */ = {isa = PBXFileReference; lastKnownFileType = text.plist.xml; path = Info.plist; sourceTree = "<group>"; };
		43E824A6247D0A96001C5CCD /* Lobster-Regular.ttf */ = {isa = PBXFileReference; lastKnownFileType = file; path = "Lobster-Regular.ttf"; sourceTree = "<group>"; };
		43E824AE247D1CFA001C5CCD /* InfoView.swift */ = {isa = PBXFileReference; lastKnownFileType = sourcecode.swift; path = InfoView.swift; sourceTree = "<group>"; };
/* End PBXFileReference section */

/* Begin PBXFrameworksBuildPhase section */
		43E8248B247CFD67001C5CCD /* Frameworks */ = {
			isa = PBXFrameworksBuildPhase;
			buildActionMask = 2147483647;
			files = (
			);
			runOnlyForDeploymentPostprocessing = 0;
		};
/* End PBXFrameworksBuildPhase section */

/* Begin PBXGroup section */
		43E82485247CFD67001C5CCD = {
			isa = PBXGroup;
			children = (
				43E82490247CFD67001C5CCD /* Cryton Card */,
				43E8248F247CFD67001C5CCD /* Products */,
			);
			sourceTree = "<group>";
		};
		43E8248F247CFD67001C5CCD /* Products */ = {
			isa = PBXGroup;
			children = (
				43E8248E247CFD67001C5CCD /* Cryton Card.app */,
			);
			name = Products;
			sourceTree = "<group>";
		};
		43E82490247CFD67001C5CCD /* Cryton Card */ = {
			isa = PBXGroup;
			children = (
				43E824A5247D0A80001C5CCD /* fonts */,
				43E82491247CFD67001C5CCD /* AppDelegate.swift */,
				43E82493247CFD67001C5CCD /* SceneDelegate.swift */,
				43E82495247CFD67001C5CCD /* ContentView.swift */,
				43E824AE247D1CFA001C5CCD /* InfoView.swift */,
				43E82497247CFD69001C5CCD /* Assets.xcassets */,
				43E8249C247CFD69001C5CCD /* LaunchScreen.storyboard */,
				43E8249F247CFD69001C5CCD /* Info.plist */,
				43E82499247CFD69001C5CCD /* Preview Content */,
			);
			path = "Cryton Card";
			sourceTree = "<group>";
		};
		43E82499247CFD69001C5CCD /* Preview Content */ = {
			isa = PBXGroup;
			children = (
				43E8249A247CFD69001C5CCD /* Preview Assets.xcassets */,
			);
			path = "Preview Content";
			sourceTree = "<group>";
		};
		43E824A5247D0A80001C5CCD /* fonts */ = {
			isa = PBXGroup;
			children = (
				43E824A6247D0A96001C5CCD /* Lobster-Regular.ttf */,
			);
			path = fonts;
			sourceTree = "<group>";
		};
/* End PBXGroup section */

/* Begin PBXNativeTarget section */
		43E8248D247CFD67001C5CCD /* Cryton Card */ = {
			isa = PBXNativeTarget;
			buildConfigurationList = 43E824A2247CFD69001C5CCD /* Build configuration list for PBXNativeTarget "Cryton Card" */;
			buildPhases = (
				43E8248A247CFD67001C5CCD /* Sources */,
				43E8248B247CFD67001C5CCD /* Frameworks */,
				43E8248C247CFD67001C5CCD /* Resources */,
			);
			buildRules = (
			);
			dependencies = (
			);
			name = "Cryton Card";
			productName = "Cryton Card";
			productReference = 43E8248E247CFD67001C5CCD /* Cryton Card.app */;
			productType = "com.apple.product-type.application";
		};
/* End PBXNativeTarget section */

/* Begin PBXProject section */
		43E82486247CFD67001C5CCD /* Project object */ = {
			isa = PBXProject;
			attributes = {
				LastSwiftUpdateCheck = 1140;
				LastUpgradeCheck = 1140;
				ORGANIZATIONNAME = "Cryton Sibanda";
				TargetAttributes = {
					43E8248D247CFD67001C5CCD = {
						CreatedOnToolsVersion = 11.4.1;
					};
				};
			};
			buildConfigurationList = 43E82489247CFD67001C5CCD /* Build configuration list for PBXProject "Cryton Card" */;
			compatibilityVersion = "Xcode 9.3";
			developmentRegion = en;
			hasScannedForEncodings = 0;
			knownRegions = (
				en,
				Base,
			);
			mainGroup = 43E82485247CFD67001C5CCD;
			productRefGroup = 43E8248F247CFD67001C5CCD /* Products */;
			projectDirPath = "";
			projectRoot = "";
			targets = (
				43E8248D247CFD67001C5CCD /* Cryton Card */,
			);
		};
/* End PBXProject section */

/* Begin PBXResourcesBuildPhase section */
		43E8248C247CFD67001C5CCD /* Resources */ = {
			isa = PBXResourcesBuildPhase;
			buildActionMask = 2147483647;
			files = (
				43E8249E247CFD69001C5CCD /* LaunchScreen.storyboard in Resources */,
				43E824A7247D0A96001C5CCD /* Lobster-Regular.ttf in Resources */,
				43E8249B247CFD69001C5CCD /* Preview Assets.xcassets in Resources */,
				43E82498247CFD69001C5CCD /* Assets.xcassets in Resources */,
			);
			runOnlyForDeploymentPostprocessing = 0;
		};
/* End PBXResourcesBuildPhase section */

/* Begin PBXSourcesBuildPhase section */
		43E8248A247CFD67001C5CCD /* Sources */ = {
			isa = PBXSourcesBuildPhase;
			buildActionMask = 2147483647;
			files = (
				43E824AF247D1CFA001C5CCD /* InfoView.swift in Sources */,
				43E82492247CFD67001C5CCD /* AppDelegate.swift in Sources */,
				43E82494247CFD67001C5CCD /* SceneDelegate.swift in Sources */,
				43E82496247CFD67001C5CCD /* ContentView.swift in Sources */,
			);
			runOnlyForDeploymentPostprocessing = 0;
		};
/* End PBXSourcesBuildPhase section */

/* Begin PBXVariantGroup section */
		43E8249C247CFD69001C5CCD /* LaunchScreen.storyboard */ = {
			isa = PBXVariantGroup;
			children = (
				43E8249D247CFD69001C5CCD /* Base */,
			);
			name = LaunchScreen.storyboard;
			sourceTree = "<group>";
		};
/* End PBXVariantGroup section */

/* Begin XCBuildConfiguration section */
		43E824A0247CFD69001C5CCD /* Debug */ = {
			isa = XCBuildConfiguration;
			buildSettings = {
				ALWAYS_SEARCH_USER_PATHS = NO;
				CLANG_ANALYZER_NONNULL = YES;
				CLANG_ANALYZER_NUMBER_OBJECT_CONVERSION = YES_AGGRESSIVE;
				CLANG_CXX_LANGUAGE_STANDARD = "gnu++14";
				CLANG_CXX_LIBRARY = "libc++";
				CLANG_ENABLE_MODULES = YES;
				CLANG_ENABLE_OBJC_ARC = YES;
				CLANG_ENABLE_OBJC_WEAK = YES;
				CLANG_WARN_BLOCK_CAPTURE_AUTORELEASING = YES;
				CLANG_WARN_BOOL_CONVERSION = YES;
				CLANG_WARN_COMMA = YES;
				CLANG_WARN_CONSTANT_CONVERSION = YES;
				CLANG_WARN_DEPRECATED_OBJC_IMPLEMENTATIONS = YES;
				CLANG_WARN_DIRECT_OBJC_ISA_USAGE = YES_ERROR;
				CLANG_WARN_DOCUMENTATION_COMMENTS = YES;
				CLANG_WARN_EMPTY_BODY = YES;
				CLANG_WARN_ENUM_CONVERSION = YES;
				CLANG_WARN_INFINITE_RECURSION = YES;
				CLANG_WARN_INT_CONVERSION = YES;
				CLANG_WARN_NON_LITERAL_NULL_CONVERSION = YES;
				CLANG_WARN_OBJC_IMPLICIT_RETAIN_SELF = YES;
				CLANG_WARN_OBJC_LITERAL_CONVERSION = YES;
				CLANG_WARN_OBJC_ROOT_CLASS = YES_ERROR;
				CLANG_WARN_RANGE_LOOP_ANALYSIS = YES;
				CLANG_WARN_STRICT_PROTOTYPES = YES;
				CLANG_WARN_SUSPICIOUS_MOVE = YES;
				CLANG_WARN_UNGUARDED_AVAILABILITY = YES_AGGRESSIVE;
				CLANG_WARN_UNREACHABLE_CODE = YES;
				CLANG_WARN__DUPLICATE_METHOD_MATCH = YES;
				COPY_PHASE_STRIP = NO;
				DEBUG_INFORMATION_FORMAT = dwarf;
				ENABLE_STRICT_OBJC_MSGSEND = YES;
				ENABLE_TESTABILITY = YES;
				GCC_C_LANGUAGE_STANDARD = gnu11;
				GCC_DYNAMIC_NO_PIC = NO;
				GCC_NO_COMMON_BLOCKS = YES;
				GCC_OPTIMIZATION_LEVEL = 0;
				GCC_PREPROCESSOR_DEFINITIONS = (
					"DEBUG=1",
					"$(inherited)",
				);
				GCC_WARN_64_TO_32_BIT_CONVERSION = YES;
				GCC_WARN_ABOUT_RETURN_TYPE = YES_ERROR;
				GCC_WARN_UNDECLARED_SELECTOR = YES;
				GCC_WARN_UNINITIALIZED_AUTOS = YES_AGGRESSIVE;
				GCC_WARN_UNUSED_FUNCTION = YES;
				GCC_WARN_UNUSED_VARIABLE = YES;
				IPHONEOS_DEPLOYMENT_TARGET = 13.4;
				MTL_ENABLE_DEBUG_INFO = INCLUDE_SOURCE;
				MTL_FAST_MATH = YES;
				ONLY_ACTIVE_ARCH = YES;
				SDKROOT = iphoneos;
				SWIFT_ACTIVE_COMPILATION_CONDITIONS = DEBUG;
				SWIFT_OPTIMIZATION_LEVEL = "-Onone";
			};
			name = Debug;
		};
		43E824A1247CFD69001C5CCD /* Release */ = {
			isa = XCBuildConfiguration;
			buildSettings = {
				ALWAYS_SEARCH_USER_PATHS = NO;
				CLANG_ANALYZER_NONNULL = YES;
				CLANG_ANALYZER_NUMBER_OBJECT_CONVERSION = YES_AGGRESSIVE;
				CLANG_CXX_LANGUAGE_STANDARD = "gnu++14";
				CLANG_CXX_LIBRARY = "libc++";
				CLANG_ENABLE_MODULES = YES;
				CLANG_ENABLE_OBJC_ARC = YES;
				CLANG_ENABLE_OBJC_WEAK = YES;
				CLANG_WARN_BLOCK_CAPTURE_AUTORELEASING = YES;
				CLANG_WARN_BOOL_CONVERSION = YES;
				CLANG_WARN_COMMA = YES;
				CLANG_WARN_CONSTANT_CONVERSION = YES;
				CLANG_WARN_DEPRECATED_OBJC_IMPLEMENTATIONS = YES;
				CLANG_WARN_DIRECT_OBJC_ISA_USAGE = YES_ERROR;
				CLANG_WARN_DOCUMENTATION_COMMENTS = YES;
				CLANG_WARN_EMPTY_BODY = YES;
				CLANG_WARN_ENUM_CONVERSION = YES;
				CLANG_WARN_INFINITE_RECURSION = YES;
				CLANG_WARN_INT_CONVERSION = YES;
				CLANG_WARN_NON_LITERAL_NULL_CONVERSION = YES;
				CLANG_WARN_OBJC_IMPLICIT_RETAIN_SELF = YES;
				CLANG_WARN_OBJC_LITERAL_CONVERSION = YES;
				CLANG_WARN_OBJC_ROOT_CLASS = YES_ERROR;
				CLANG_WARN_RANGE_LOOP_ANALYSIS = YES;
				CLANG_WARN_STRICT_PROTOTYPES = YES;
				CLANG_WARN_SUSPICIOUS_MOVE = YES;
				CLANG_WARN_UNGUARDED_AVAILABILITY = YES_AGGRESSIVE;
				CLANG_WARN_UNREACHABLE_CODE = YES;
				CLANG_WARN__DUPLICATE_METHOD_MATCH = YES;
				COPY_PHASE_STRIP = NO;
				DEBUG_INFORMATION_FORMAT = "dwarf-with-dsym";
				ENABLE_NS_ASSERTIONS = NO;
				ENABLE_STRICT_OBJC_MSGSEND = YES;
				GCC_C_LANGUAGE_STANDARD = gnu11;
				GCC_NO_COMMON_BLOCKS = YES;
				GCC_WARN_64_TO_32_BIT_CONVERSION = YES;
				GCC_WARN_ABOUT_RETURN_TYPE = YES_ERROR;
				GCC_WARN_UNDECLARED_SELECTOR = YES;
				GCC_WARN_UNINITIALIZED_AUTOS = YES_AGGRESSIVE;
				GCC_WARN_UNUSED_FUNCTION = YES;
				GCC_WARN_UNUSED_VARIABLE = YES;
				IPHONEOS_DEPLOYMENT_TARGET = 13.4;
				MTL_ENABLE_DEBUG_INFO = NO;
				MTL_FAST_MATH = YES;
				SDKROOT = iphoneos;
				SWIFT_COMPILATION_MODE = wholemodule;
				SWIFT_OPTIMIZATION_LEVEL = "-O";
				VALIDATE_PRODUCT = YES;
			};
			name = Release;
		};
		43E824A3247CFD69001C5CCD /* Debug */ = {
			isa = XCBuildConfiguration;
			buildSettings = {
				ASSETCATALOG_COMPILER_APPICON_NAME = AppIcon;
				CODE_SIGN_STYLE = Automatic;
				DEVELOPMENT_ASSET_PATHS = "\"Cryton Card/Preview Content\"";
				DEVELOPMENT_TEAM = UU75K73JA4;
				ENABLE_PREVIEWS = YES;
				INFOPLIST_FILE = "Cryton Card/Info.plist";
				LD_RUNPATH_SEARCH_PATHS = (
					"$(inherited)",
					"@executable_path/Frameworks",
				);
				PRODUCT_BUNDLE_IDENTIFIER = "com.cryton.Cryton-Card";
				PRODUCT_NAME = "$(TARGET_NAME)";
				SWIFT_VERSION = 5.0;
				TARGETED_DEVICE_FAMILY = "1,2";
			};
			name = Debug;
		};
		43E824A4247CFD69001C5CCD /* Release */ = {
			isa = XCBuildConfiguration;
			buildSettings = {
				ASSETCATALOG_COMPILER_APPICON_NAME = AppIcon;
				CODE_SIGN_STYLE = Automatic;
				DEVELOPMENT_ASSET_PATHS = "\"Cryton Card/Preview Content\"";
				DEVELOPMENT_TEAM = UU75K73JA4;
				ENABLE_PREVIEWS = YES;
				INFOPLIST_FILE = "Cryton Card/Info.plist";
				LD_RUNPATH_SEARCH_PATHS = (
					"$(inherited)",
					"@executable_path/Frameworks",
				);
				PRODUCT_BUNDLE_IDENTIFIER = "com.cryton.Cryton-Card";
				PRODUCT_NAME = "$(TARGET_NAME)";
				SWIFT_VERSION = 5.0;
				TARGETED_DEVICE_FAMILY = "1,2";
			};
			name = Release;
		};
/* End XCBuildConfiguration section */

/* Begin XCConfigurationList section */
		43E82489247CFD67001C5CCD /* Build configuration list for PBXProject "Cryton Card" */ = {
			isa = XCConfigurationList;
			buildConfigurations = (
				43E824A0247CFD69001C5CCD /* Debug */,
				43E824A1247CFD69001C5CCD /* Release */,
			);
			defaultConfigurationIsVisible = 0;
			defaultConfigurationName = Release;
		};
		43E824A2247CFD69001C5CCD /* Build configuration list for PBXNativeTarget "Cryton Card" */ = {
			isa = XCConfigurationList;
			buildConfigurations = (
				43E824A3247CFD69001C5CCD /* Debug */,
				43E824A4247CFD69001C5CCD /* Release */,
			);
			defaultConfigurationIsVisible = 0;
			defaultConfigurationName = Release;
		};
/* End XCConfigurationList section */
	};
	rootObject = 43E82486247CFD67001C5CCD /* Project object */;
}
